
Microsoft Visual Studio Solution File, Format Version 12.00
# Visual Studio Version 16
VisualStudioVersion = 16.0.31205.134
MinimumVisualStudioVersion = 10.0.40219.1
Project("{FAE04EC0-301F-11D3-BF4B-00C04F79EFBC}") = "Calculator_BONDAD", "Calculator_BONDAD.csproj", "{6C3157FE-2EEF-4FA3-82BE-B6A496F3E0BE}"
EndProject
Global
	GlobalSection(SolutionConfigurationPlatforms) = preSolution
		Debug|Any CPU = Debug|Any CPU
		Release|Any CPU = Release|Any CPU
	EndGlobalSection
	GlobalSection(ProjectConfigurationPlatforms) = postSolution
		{6C3157FE-2EEF-4FA3-82BE-B6A496F3E0BE}.Debug|Any CPU.ActiveCfg = Debug|Any CPU
		{6C3157FE-2EEF-4FA3-82BE-B6A496F3E0BE}.Debug|Any CPU.Build.0 = Debug|Any CPU
		{6C3157FE-2EEF-4FA3-82BE-B6A496F3E0BE}.Release|Any CPU.ActiveCfg = Release|Any CPU
		{6C3157FE-2EEF-4FA3-82BE-B6A496F3E0BE}.Release|Any CPU.Build.0 = Release|Any CPU
	EndGlobalSection
	GlobalSection(SolutionProperties) = preSolution
		HideSolutionNode = FALSE
	EndGlobalSection
	GlobalSection(ExtensibilityGlobals) = postSolution
		SolutionGuid = {8C298885-1B00-46DB-BD0D-9741BD00309B}
	EndGlobalSection
EndGlobal
